
Microsoft Visual Studio Solution File, Format Version 9.00
# Visual Studio 2005
# SharpDevelop 2.1.0.2376
Project("{FAE04EC0-301F-11D3-BF4B-00C04F79EFBC}") = "Demisauce", "library\Demisauce.csproj", "{8C4D99DF-784C-4321-AF53-430866245665}"
	ProjectSection(WebsiteProperties) = preProject
		Debug.AspNetCompiler.Debug = "True"
		Release.AspNetCompiler.Debug = "False"
	EndProjectSection
EndProject
Project("{FAE04EC0-301F-11D3-BF4B-00C04F79EFBC}") = "ConsoleApp", "ConsoleApp\ConsoleApp.csproj", "{2EC3A912-4A3B-43E4-9153-E2BE240F11C8}"
	ProjectSection(WebsiteProperties) = preProject
		Debug.AspNetCompiler.Debug = "True"
		Release.AspNetCompiler.Debug = "False"
	EndProjectSection
EndProject
Project("{FAE04EC0-301F-11D3-BF4B-00C04F79EFBC}") = "DotNetWeb", "..\demos\DotNetWeb\DotNetWebSharpDevelop.csproj", "{AA5CAA33-5532-44B9-8D79-28FFEF0E50F4}"
EndProject
Global
	GlobalSection(SolutionConfigurationPlatforms) = preSolution
		Debug|Any CPU = Debug|Any CPU
		Release|Any CPU = Release|Any CPU
	EndGlobalSection
	GlobalSection(ProjectConfigurationPlatforms) = postSolution
		{8C4D99DF-784C-4321-AF53-430866245665}.Debug|Any CPU.ActiveCfg = Debug|Any CPU
		{8C4D99DF-784C-4321-AF53-430866245665}.Debug|Any CPU.Build.0 = Debug|Any CPU
		{8C4D99DF-784C-4321-AF53-430866245665}.Release|Any CPU.ActiveCfg = Release|Any CPU
		{8C4D99DF-784C-4321-AF53-430866245665}.Release|Any CPU.Build.0 = Release|Any CPU
		{2EC3A912-4A3B-43E4-9153-E2BE240F11C8}.Debug|Any CPU.ActiveCfg = Debug|Any CPU
		{2EC3A912-4A3B-43E4-9153-E2BE240F11C8}.Debug|Any CPU.Build.0 = Debug|Any CPU
		{2EC3A912-4A3B-43E4-9153-E2BE240F11C8}.Release|Any CPU.ActiveCfg = Release|Any CPU
		{2EC3A912-4A3B-43E4-9153-E2BE240F11C8}.Release|Any CPU.Build.0 = Release|Any CPU
		{95548FE9-D714-4280-AC14-EB51C36BAE70}.Debug|Any CPU.ActiveCfg = Debug|Any CPU
		{95548FE9-D714-4280-AC14-EB51C36BAE70}.Debug|Any CPU.Build.0 = Debug|Any CPU
		{95548FE9-D714-4280-AC14-EB51C36BAE70}.Release|Any CPU.ActiveCfg = Release|Any CPU
		{95548FE9-D714-4280-AC14-EB51C36BAE70}.Release|Any CPU.Build.0 = Release|Any CPU
		{AA5CAA33-5532-44B9-8D79-28FFEF0E50F4}.Debug|Any CPU.Build.0 = Debug|Any CPU
		{AA5CAA33-5532-44B9-8D79-28FFEF0E50F4}.Debug|Any CPU.ActiveCfg = Debug|Any CPU
		{AA5CAA33-5532-44B9-8D79-28FFEF0E50F4}.Release|Any CPU.Build.0 = Release|Any CPU
		{AA5CAA33-5532-44B9-8D79-28FFEF0E50F4}.Release|Any CPU.ActiveCfg = Release|Any CPU
	EndGlobalSection
	GlobalSection(SolutionProperties) = preSolution
		HideSolutionNode = FALSE
	EndGlobalSection
EndGlobal
